
Microsoft Visual Studio Solution File, Format Version 12.00
# Visual Studio Version 17
VisualStudioVersion = 17.8.34309.116
MinimumVisualStudioVersion = 10.0.40219.1
Project("{9A19103F-16F7-4668-BE54-9A1E7A4F7556}") = "Detector", "Detector\Detector.csproj", "{8371E218-177C-4752-A975-387741043D4C}"
EndProject
Project("{9A19103F-16F7-4668-BE54-9A1E7A4F7556}") = "ProfileDetectorApi", "ProfileDetectorApi\ProfileDetectorApi.csproj", "{2DF57069-2C4D-4ADB-8E2F-6197893808F0}"
EndProject
Global
	GlobalSection(SolutionConfigurationPlatforms) = preSolution
		Debug|Any CPU = Debug|Any CPU
		Release|Any CPU = Release|Any CPU
	EndGlobalSection
	GlobalSection(ProjectConfigurationPlatforms) = postSolution
		{8371E218-177C-4752-A975-387741043D4C}.Debug|Any CPU.ActiveCfg = Debug|Any CPU
		{8371E218-177C-4752-A975-387741043D4C}.Debug|Any CPU.Build.0 = Debug|Any CPU
		{8371E218-177C-4752-A975-387741043D4C}.Release|Any CPU.ActiveCfg = Release|Any CPU
		{8371E218-177C-4752-A975-387741043D4C}.Release|Any CPU.Build.0 = Release|Any CPU
		{2DF57069-2C4D-4ADB-8E2F-6197893808F0}.Debug|Any CPU.ActiveCfg = Debug|Any CPU
		{2DF57069-2C4D-4ADB-8E2F-6197893808F0}.Debug|Any CPU.Build.0 = Debug|Any CPU
		{2DF57069-2C4D-4ADB-8E2F-6197893808F0}.Release|Any CPU.ActiveCfg = Release|Any CPU
		{2DF57069-2C4D-4ADB-8E2F-6197893808F0}.Release|Any CPU.Build.0 = Release|Any CPU
	EndGlobalSection
	GlobalSection(SolutionProperties) = preSolution
		HideSolutionNode = FALSE
	EndGlobalSection
	GlobalSection(ExtensibilityGlobals) = postSolution
		SolutionGuid = {14536672-3913-46FA-AEB3-20AB5FAC6994}
	EndGlobalSection
EndGlobal
